
Microsoft Visual Studio Solution File, Format Version 12.00
# Visual Studio Version 16
VisualStudioVersion = 16.0.29102.190
MinimumVisualStudioVersion = 10.0.40219.1
Project("{8BC9CEB8-8B4A-11D0-8D11-00A0C91BC942}") = "daisysp", "vs\daisysp.vcxproj", "{44F4AEA3-A6B2-4F03-9C28-34B2336BDF57}"
EndProject
Global
	GlobalSection(SolutionConfigurationPlatforms) = preSolution
		Debug|VisualGDB = Debug|VisualGDB
		Release|VisualGDB = Release|VisualGDB
	EndGlobalSection
	GlobalSection(ProjectConfigurationPlatforms) = postSolution
		{44F4AEA3-A6B2-4F03-9C28-34B2336BDF57}.Debug|VisualGDB.ActiveCfg = Debug|VisualGDB
		{44F4AEA3-A6B2-4F03-9C28-34B2336BDF57}.Debug|VisualGDB.Build.0 = Debug|VisualGDB
		{44F4AEA3-A6B2-4F03-9C28-34B2336BDF57}.Release|VisualGDB.ActiveCfg = Release|VisualGDB
		{44F4AEA3-A6B2-4F03-9C28-34B2336BDF57}.Release|VisualGDB.Build.0 = Release|VisualGDB
	EndGlobalSection
	GlobalSection(SolutionProperties) = preSolution
		HideSolutionNode = FALSE
	EndGlobalSection
	GlobalSection(ExtensibilityGlobals) = postSolution
		SolutionGuid = {A669CB34-4638-4CAC-ADFB-766D397952D4}
	EndGlobalSection
EndGlobal
